
Microsoft Visual Studio Solution File, Format Version 12.00
# Visual Studio Version 17
VisualStudioVersion = 17.0.31903.59
MinimumVisualStudioVersion = 10.0.40219.1
Project("{2150E333-8FDC-42A3-9474-1A3956D46DE8}") = "src", "src", "{3556014A-0983-4FB7-8E47-0BD90E57C94F}"
EndProject
Project("{FAE04EC0-301F-11D3-BF4B-00C04F79EFBC}") = "ThomasonAlgorithm.Core", "src\ThomasonAlgorithm.Core\ThomasonAlgorithm.Core.csproj", "{D2A5C39F-F560-4CA6-AEE1-495500931E06}"
EndProject
Project("{2150E333-8FDC-42A3-9474-1A3956D46DE8}") = "tests", "tests", "{8BCC0DC1-060A-4A5D-9E28-B0D64B3B2206}"
EndProject
Project("{FAE04EC0-301F-11D3-BF4B-00C04F79EFBC}") = "ThomasonAlgorithm.Tests", "tests\ThomasonAlgorithm.Tests\ThomasonAlgorithm.Tests.csproj", "{F0183F97-F820-4AB6-9C7F-B4FD1F7DF020}"
EndProject
Global
	GlobalSection(SolutionConfigurationPlatforms) = preSolution
		Debug|Any CPU = Debug|Any CPU
		Release|Any CPU = Release|Any CPU
	EndGlobalSection
	GlobalSection(SolutionProperties) = preSolution
		HideSolutionNode = FALSE
	EndGlobalSection
	GlobalSection(ProjectConfigurationPlatforms) = postSolution
		{D2A5C39F-F560-4CA6-AEE1-495500931E06}.Debug|Any CPU.ActiveCfg = Debug|Any CPU
		{D2A5C39F-F560-4CA6-AEE1-495500931E06}.Debug|Any CPU.Build.0 = Debug|Any CPU
		{D2A5C39F-F560-4CA6-AEE1-495500931E06}.Release|Any CPU.ActiveCfg = Release|Any CPU
		{D2A5C39F-F560-4CA6-AEE1-495500931E06}.Release|Any CPU.Build.0 = Release|Any CPU
		{F0183F97-F820-4AB6-9C7F-B4FD1F7DF020}.Debug|Any CPU.ActiveCfg = Debug|Any CPU
		{F0183F97-F820-4AB6-9C7F-B4FD1F7DF020}.Debug|Any CPU.Build.0 = Debug|Any CPU
		{F0183F97-F820-4AB6-9C7F-B4FD1F7DF020}.Release|Any CPU.ActiveCfg = Release|Any CPU
		{F0183F97-F820-4AB6-9C7F-B4FD1F7DF020}.Release|Any CPU.Build.0 = Release|Any CPU
	EndGlobalSection
	GlobalSection(NestedProjects) = preSolution
		{D2A5C39F-F560-4CA6-AEE1-495500931E06} = {3556014A-0983-4FB7-8E47-0BD90E57C94F}
		{F0183F97-F820-4AB6-9C7F-B4FD1F7DF020} = {8BCC0DC1-060A-4A5D-9E28-B0D64B3B2206}
	EndGlobalSection
EndGlobal
